
Microsoft Visual Studio Solution File, Format Version 12.00
Project("{FAE04EC0-301F-11D3-BF4B-00C04F79EFBC}") = "TreeGrouping.Application", "TreeGrouping.Application\TreeGrouping.Application.csproj", "{68ADD1C2-D81D-4B3B-A961-888719B736DF}"
EndProject
Project("{FAE04EC0-301F-11D3-BF4B-00C04F79EFBC}") = "TreeGrouping.Web", "TreeGrouping.Web\TreeGrouping.Web.csproj", "{452677CF-22D8-4C9E-AE55-6616AC7ECD71}"
EndProject
Global
	GlobalSection(SolutionConfigurationPlatforms) = preSolution
		Debug|Any CPU = Debug|Any CPU
		Release|Any CPU = Release|Any CPU
	EndGlobalSection
	GlobalSection(ProjectConfigurationPlatforms) = postSolution
		{68ADD1C2-D81D-4B3B-A961-888719B736DF}.Debug|Any CPU.ActiveCfg = Debug|Any CPU
		{68ADD1C2-D81D-4B3B-A961-888719B736DF}.Debug|Any CPU.Build.0 = Debug|Any CPU
		{68ADD1C2-D81D-4B3B-A961-888719B736DF}.Release|Any CPU.ActiveCfg = Release|Any CPU
		{68ADD1C2-D81D-4B3B-A961-888719B736DF}.Release|Any CPU.Build.0 = Release|Any CPU
		{452677CF-22D8-4C9E-AE55-6616AC7ECD71}.Debug|Any CPU.ActiveCfg = Debug|Any CPU
		{452677CF-22D8-4C9E-AE55-6616AC7ECD71}.Debug|Any CPU.Build.0 = Debug|Any CPU
		{452677CF-22D8-4C9E-AE55-6616AC7ECD71}.Release|Any CPU.ActiveCfg = Release|Any CPU
		{452677CF-22D8-4C9E-AE55-6616AC7ECD71}.Release|Any CPU.Build.0 = Release|Any CPU
	EndGlobalSection
EndGlobal
